{
  "name": "economicactionplan.mygov.scot",
  "version": "0.0.0",
  "dependencies": {
    "@scottish-government/pattern-library": {
      "version": "0.0.52",
      "dev": true
    },
    "sealant": {
      "version": "0.0.3",
      "dependencies": {
        "json-stable-stringify": {
          "version": "1.0.1",
          "dependencies": {
            "jsonify": {
              "version": "0.0.0",
              "dev": true
            }
          },
          "dev": true
        }
      },
      "dev": true
    }
  }
}
